
Microsoft Visual Studio Solution File, Format Version 12.00
# Visual Studio Version 17
VisualStudioVersion = 17.11.35327.3
MinimumVisualStudioVersion = 10.0.40219.1
Project("{8BC9CEB8-8B4A-11D0-8D11-00A0C91BC942}") = "Katalog_structers", "Katalog_structers\Katalog_structers.vcxproj", "{1E335821-59B7-4788-BE66-D94E183C7DEE}"
EndProject
Global
	GlobalSection(SolutionConfigurationPlatforms) = preSolution
		Debug|x64 = Debug|x64
		Debug|x86 = Debug|x86
		Release|x64 = Release|x64
		Release|x86 = Release|x86
	EndGlobalSection
	GlobalSection(ProjectConfigurationPlatforms) = postSolution
		{1E335821-59B7-4788-BE66-D94E183C7DEE}.Debug|x64.ActiveCfg = Debug|x64
		{1E335821-59B7-4788-BE66-D94E183C7DEE}.Debug|x64.Build.0 = Debug|x64
		{1E335821-59B7-4788-BE66-D94E183C7DEE}.Debug|x86.ActiveCfg = Debug|Win32
		{1E335821-59B7-4788-BE66-D94E183C7DEE}.Debug|x86.Build.0 = Debug|Win32
		{1E335821-59B7-4788-BE66-D94E183C7DEE}.Release|x64.ActiveCfg = Release|x64
		{1E335821-59B7-4788-BE66-D94E183C7DEE}.Release|x64.Build.0 = Release|x64
		{1E335821-59B7-4788-BE66-D94E183C7DEE}.Release|x86.ActiveCfg = Release|Win32
		{1E335821-59B7-4788-BE66-D94E183C7DEE}.Release|x86.Build.0 = Release|Win32
	EndGlobalSection
	GlobalSection(SolutionProperties) = preSolution
		HideSolutionNode = FALSE
	EndGlobalSection
	GlobalSection(ExtensibilityGlobals) = postSolution
		SolutionGuid = {003751B0-18E8-4F02-B033-3C5BBDCC5711}
	EndGlobalSection
EndGlobal
